{
    "name": "minio-client-debug-node",
    "version": "1.0.0",
    "lockfileVersion": 2,
    "requires": true,
    "packages": {
        "": {
            "name": "minio-client-debug-node",
            "version": "1.0.0",
            "license": "Apache 2.0",
            "devDependencies": {
                "@types/minio": "^7.0.16"
            }
        },
        "node_modules/@types/minio": {
            "version": "7.0.16",
            "resolved": "https://registry.npmjs.org/@types/minio/-/minio-7.0.16.tgz",
            "integrity": "sha512-5mFlv3JGQYm7/JWuQOdHOkoiy7LF9QIUNT7knkvTZB3INwakPpDqfr4B81dIAmmITNX1FzSnnuNt5dyTMdQLIA==",
            "dev": true,
            "dependencies": {
                "@types/node": "*"
            }
        },
        "node_modules/@types/node": {
            "version": "18.14.2",
            "resolved": "https://registry.npmjs.org/@types/node/-/node-18.14.2.tgz",
            "integrity": "sha512-1uEQxww3DaghA0RxqHx0O0ppVlo43pJhepY51OxuQIKHpjbnYLA7vcdwioNPzIqmC2u3I/dmylcqjlh0e7AyUA==",
            "dev": true
        }
    },
    "dependencies": {
        "@types/minio": {
            "version": "7.0.16",
            "resolved": "https://registry.npmjs.org/@types/minio/-/minio-7.0.16.tgz",
            "integrity": "sha512-5mFlv3JGQYm7/JWuQOdHOkoiy7LF9QIUNT7knkvTZB3INwakPpDqfr4B81dIAmmITNX1FzSnnuNt5dyTMdQLIA==",
            "dev": true,
            "requires": {
                "@types/node": "*"
            }
        },
        "@types/node": {
            "version": "18.14.2",
            "resolved": "https://registry.npmjs.org/@types/node/-/node-18.14.2.tgz",
            "integrity": "sha512-1uEQxww3DaghA0RxqHx0O0ppVlo43pJhepY51OxuQIKHpjbnYLA7vcdwioNPzIqmC2u3I/dmylcqjlh0e7AyUA==",
            "dev": true
        }
    }
}
